// !$*UTF8*$!
{
	archiveVersion = 1;
	classes = {
	};
	objectVersion = 50;
	objects = {

/* Begin PBXBuildFile section */
		422B5910241F082A00294F5C /* RoundedButton.swift in Sources */ = {isa = PBXBuildFile; fileRef = 422B590F241F082A00294F5C /* RoundedButton.swift */; };
		422B5912241F109300294F5C /* DesignedButton.swift in Sources */ = {isa = PBXBuildFile; fileRef = 422B5911241F109300294F5C /* DesignedButton.swift */; };
		422B5914241F2E5D00294F5C /* HomeViewController.swift in Sources */ = {isa = PBXBuildFile; fileRef = 422B5913241F2E5D00294F5C /* HomeViewController.swift */; };
		422B5918241F39B000294F5C /* ColorPalette.swift in Sources */ = {isa = PBXBuildFile; fileRef = 422B5917241F39B000294F5C /* ColorPalette.swift */; };
		422B591A241F3EE100294F5C /* SF-Pro-Rounded-Bold.otf in Resources */ = {isa = PBXBuildFile; fileRef = 422B5919241F3EE100294F5C /* SF-Pro-Rounded-Bold.otf */; settings = {ASSET_TAGS = ("SF-Pro-Rounded", ); }; };
		422B591D241F430600294F5C /* SF-Pro-Rounded-Regular.otf in Resources */ = {isa = PBXBuildFile; fileRef = 422B591C241F430100294F5C /* SF-Pro-Rounded-Regular.otf */; };
		422B5920241F461500294F5C /* CustomView.swift in Sources */ = {isa = PBXBuildFile; fileRef = 422B591F241F461500294F5C /* CustomView.swift */; };
		426088CD2410D70000313139 /* AppDelegate.swift in Sources */ = {isa = PBXBuildFile; fileRef = 426088CC2410D70000313139 /* AppDelegate.swift */; };
		426088CF2410D70000313139 /* SceneDelegate.swift in Sources */ = {isa = PBXBuildFile; fileRef = 426088CE2410D70000313139 /* SceneDelegate.swift */; };
		426088D42410D70000313139 /* Main.storyboard in Resources */ = {isa = PBXBuildFile; fileRef = 426088D22410D70000313139 /* Main.storyboard */; };
		426088D62410D70100313139 /* Assets.xcassets in Resources */ = {isa = PBXBuildFile; fileRef = 426088D52410D70100313139 /* Assets.xcassets */; };
		426088D92410D70100313139 /* LaunchScreen.storyboard in Resources */ = {isa = PBXBuildFile; fileRef = 426088D72410D70100313139 /* LaunchScreen.storyboard */; };
		426088E42410D70100313139 /* KnowMeTests.swift in Sources */ = {isa = PBXBuildFile; fileRef = 426088E32410D70100313139 /* KnowMeTests.swift */; };
		426088EF2410D70100313139 /* KnowMeUITests.swift in Sources */ = {isa = PBXBuildFile; fileRef = 426088EE2410D70100313139 /* KnowMeUITests.swift */; };
		4261B5CD2421FF010078ED06 /* OptionInput.swift in Sources */ = {isa = PBXBuildFile; fileRef = 4261B5CC2421FF010078ED06 /* OptionInput.swift */; };
		4261B5CF242205180078ED06 /* OptionModel.swift in Sources */ = {isa = PBXBuildFile; fileRef = 4261B5CE242205180078ED06 /* OptionModel.swift */; };
		4261B5D1242207A90078ED06 /* RoundedView.swift in Sources */ = {isa = PBXBuildFile; fileRef = 4261B5D0242207A90078ED06 /* RoundedView.swift */; };
		4261B5D3242209510078ED06 /* TextViewRounded.swift in Sources */ = {isa = PBXBuildFile; fileRef = 4261B5D2242209510078ED06 /* TextViewRounded.swift */; };
		4261B5D5242215840078ED06 /* Question.swift in Sources */ = {isa = PBXBuildFile; fileRef = 4261B5D4242215840078ED06 /* Question.swift */; };
		4261B5D7242216B20078ED06 /* Quiz.swift in Sources */ = {isa = PBXBuildFile; fileRef = 4261B5D6242216B20078ED06 /* Quiz.swift */; };
		4261B5DB24226C910078ED06 /* MakeQuizCodeViewController.swift in Sources */ = {isa = PBXBuildFile; fileRef = 4261B5DA24226C910078ED06 /* MakeQuizCodeViewController.swift */; };
		4261B5DD2422795A0078ED06 /* DataStore.swift in Sources */ = {isa = PBXBuildFile; fileRef = 4261B5DC2422795A0078ED06 /* DataStore.swift */; };
		426D31782424A35C00E5834A /* ResultPageViewController.swift in Sources */ = {isa = PBXBuildFile; fileRef = 426D31772424A35C00E5834A /* ResultPageViewController.swift */; };
		4285DF092418FBE000B68AAC /* UtilColor.swift in Sources */ = {isa = PBXBuildFile; fileRef = 4285DF082418FBE000B68AAC /* UtilColor.swift */; };
		4298583724233629008CB375 /* MakeQuizFinaleViewController.swift in Sources */ = {isa = PBXBuildFile; fileRef = 4298583624233629008CB375 /* MakeQuizFinaleViewController.swift */; };
		429913D12423712C004EBA57 /* PlayCodeViewController.swift in Sources */ = {isa = PBXBuildFile; fileRef = 429913D02423712C004EBA57 /* PlayCodeViewController.swift */; };
		429913D324249832004EBA57 /* GameViewController.swift in Sources */ = {isa = PBXBuildFile; fileRef = 429913D224249832004EBA57 /* GameViewController.swift */; };
		429C4E89241FF6CE004C3458 /* AppDescriptionViewController.swift in Sources */ = {isa = PBXBuildFile; fileRef = 429C4E88241FF6CE004C3458 /* AppDescriptionViewController.swift */; };
		42B186D42421D020004BAB6E /* TrueFalseOption.swift in Sources */ = {isa = PBXBuildFile; fileRef = 42B186D32421D020004BAB6E /* TrueFalseOption.swift */; };
		42EC16D024212CAE0099E985 /* InGameButton.swift in Sources */ = {isa = PBXBuildFile; fileRef = 42EC16CF24212CAE0099E985 /* InGameButton.swift */; };
		42EC16D72421C3780099E985 /* MakeQuizViewController.swift in Sources */ = {isa = PBXBuildFile; fileRef = 42EC16D62421C3780099E985 /* MakeQuizViewController.swift */; };
/* End PBXBuildFile section */

/* Begin PBXContainerItemProxy section */
		426088E02410D70100313139 /* PBXContainerItemProxy */ = {
			isa = PBXContainerItemProxy;
			containerPortal = 426088C12410D70000313139 /* Project object */;
			proxyType = 1;
			remoteGlobalIDString = 426088C82410D70000313139;
			remoteInfo = KnowMe;
		};
		426088EB2410D70100313139 /* PBXContainerItemProxy */ = {
			isa = PBXContainerItemProxy;
			containerPortal = 426088C12410D70000313139 /* Project object */;
			proxyType = 1;
			remoteGlobalIDString = 426088C82410D70000313139;
			remoteInfo = KnowMe;
		};
/* End PBXContainerItemProxy section */

/* Begin PBXFileReference section */
		422B590F241F082A00294F5C /* RoundedButton.swift */ = {isa = PBXFileReference; lastKnownFileType = sourcecode.swift; path = RoundedButton.swift; sourceTree = "<group>"; };
		422B5911241F109300294F5C /* DesignedButton.swift */ = {isa = PBXFileReference; lastKnownFileType = sourcecode.swift; path = DesignedButton.swift; sourceTree = "<group>"; };
		422B5913241F2E5D00294F5C /* HomeViewController.swift */ = {isa = PBXFileReference; lastKnownFileType = sourcecode.swift; path = HomeViewController.swift; sourceTree = "<group>"; };
		422B5917241F39B000294F5C /* ColorPalette.swift */ = {isa = PBXFileReference; lastKnownFileType = sourcecode.swift; path = ColorPalette.swift; sourceTree = "<group>"; };
		422B5919241F3EE100294F5C /* SF-Pro-Rounded-Bold.otf */ = {isa = PBXFileReference; lastKnownFileType = file; path = "SF-Pro-Rounded-Bold.otf"; sourceTree = "<group>"; };
		422B591B241F430100294F5C /* SF-Pro-Rounded-Semibold.otf */ = {isa = PBXFileReference; lastKnownFileType = file; path = "SF-Pro-Rounded-Semibold.otf"; sourceTree = "<group>"; };
		422B591C241F430100294F5C /* SF-Pro-Rounded-Regular.otf */ = {isa = PBXFileReference; lastKnownFileType = file; path = "SF-Pro-Rounded-Regular.otf"; sourceTree = "<group>"; };
		422B591F241F461500294F5C /* CustomView.swift */ = {isa = PBXFileReference; lastKnownFileType = sourcecode.swift; path = CustomView.swift; sourceTree = "<group>"; };
		426088C92410D70000313139 /* KnowMe.app */ = {isa = PBXFileReference; explicitFileType = wrapper.application; includeInIndex = 0; path = KnowMe.app; sourceTree = BUILT_PRODUCTS_DIR; };
		426088CC2410D70000313139 /* AppDelegate.swift */ = {isa = PBXFileReference; lastKnownFileType = sourcecode.swift; path = AppDelegate.swift; sourceTree = "<group>"; };
		426088CE2410D70000313139 /* SceneDelegate.swift */ = {isa = PBXFileReference; lastKnownFileType = sourcecode.swift; path = SceneDelegate.swift; sourceTree = "<group>"; };
		426088D32410D70000313139 /* Base */ = {isa = PBXFileReference; lastKnownFileType = file.storyboard; name = Base; path = Base.lproj/Main.storyboard; sourceTree = "<group>"; };
		426088D52410D70100313139 /* Assets.xcassets */ = {isa = PBXFileReference; lastKnownFileType = folder.assetcatalog; path = Assets.xcassets; sourceTree = "<group>"; };
		426088D82410D70100313139 /* Base */ = {isa = PBXFileReference; lastKnownFileType = file.storyboard; name = Base; path = Base.lproj/LaunchScreen.storyboard; sourceTree = "<group>"; };
		426088DA2410D70100313139 /* Info.plist */ = {isa = PBXFileReference; lastKnownFileType = text.plist.xml; path = Info.plist; sourceTree = "<group>"; };
		426088DF2410D70100313139 /* KnowMeTests.xctest */ = {isa = PBXFileReference; explicitFileType = wrapper.cfbundle; includeInIndex = 0; path = KnowMeTests.xctest; sourceTree = BUILT_PRODUCTS_DIR; };
		426088E32410D70100313139 /* KnowMeTests.swift */ = {isa = PBXFileReference; lastKnownFileType = sourcecode.swift; path = KnowMeTests.swift; sourceTree = "<group>"; };
		426088E52410D70100313139 /* Info.plist */ = {isa = PBXFileReference; lastKnownFileType = text.plist.xml; path = Info.plist; sourceTree = "<group>"; };
		426088EA2410D70100313139 /* KnowMeUITests.xctest */ = {isa = PBXFileReference; explicitFileType = wrapper.cfbundle; includeInIndex = 0; path = KnowMeUITests.xctest; sourceTree = BUILT_PRODUCTS_DIR; };
		426088EE2410D70100313139 /* KnowMeUITests.swift */ = {isa = PBXFileReference; lastKnownFileType = sourcecode.swift; path = KnowMeUITests.swift; sourceTree = "<group>"; };
		426088F02410D70100313139 /* Info.plist */ = {isa = PBXFileReference; lastKnownFileType = text.plist.xml; path = Info.plist; sourceTree = "<group>"; };
		4261B5CC2421FF010078ED06 /* OptionInput.swift */ = {isa = PBXFileReference; lastKnownFileType = sourcecode.swift; path = OptionInput.swift; sourceTree = "<group>"; };
		4261B5CE242205180078ED06 /* OptionModel.swift */ = {isa = PBXFileReference; lastKnownFileType = sourcecode.swift; path = OptionModel.swift; sourceTree = "<group>"; };
		4261B5D0242207A90078ED06 /* RoundedView.swift */ = {isa = PBXFileReference; lastKnownFileType = sourcecode.swift; path = RoundedView.swift; sourceTree = "<group>"; };
		4261B5D2242209510078ED06 /* TextViewRounded.swift */ = {isa = PBXFileReference; lastKnownFileType = sourcecode.swift; path = TextViewRounded.swift; sourceTree = "<group>"; };
		4261B5D4242215840078ED06 /* Question.swift */ = {isa = PBXFileReference; lastKnownFileType = sourcecode.swift; path = Question.swift; sourceTree = "<group>"; };
		4261B5D6242216B20078ED06 /* Quiz.swift */ = {isa = PBXFileReference; lastKnownFileType = sourcecode.swift; path = Quiz.swift; sourceTree = "<group>"; };
		4261B5DA24226C910078ED06 /* MakeQuizCodeViewController.swift */ = {isa = PBXFileReference; lastKnownFileType = sourcecode.swift; path = MakeQuizCodeViewController.swift; sourceTree = "<group>"; };
		4261B5DC2422795A0078ED06 /* DataStore.swift */ = {isa = PBXFileReference; lastKnownFileType = sourcecode.swift; path = DataStore.swift; sourceTree = "<group>"; };
		426D31772424A35C00E5834A /* ResultPageViewController.swift */ = {isa = PBXFileReference; lastKnownFileType = sourcecode.swift; path = ResultPageViewController.swift; sourceTree = "<group>"; };
		4285DF082418FBE000B68AAC /* UtilColor.swift */ = {isa = PBXFileReference; lastKnownFileType = sourcecode.swift; path = UtilColor.swift; sourceTree = "<group>"; };
		4298583624233629008CB375 /* MakeQuizFinaleViewController.swift */ = {isa = PBXFileReference; lastKnownFileType = sourcecode.swift; path = MakeQuizFinaleViewController.swift; sourceTree = "<group>"; };
		429913D02423712C004EBA57 /* PlayCodeViewController.swift */ = {isa = PBXFileReference; lastKnownFileType = sourcecode.swift; path = PlayCodeViewController.swift; sourceTree = "<group>"; };
		429913D224249832004EBA57 /* GameViewController.swift */ = {isa = PBXFileReference; lastKnownFileType = sourcecode.swift; path = GameViewController.swift; sourceTree = "<group>"; };
		429C4E88241FF6CE004C3458 /* AppDescriptionViewController.swift */ = {isa = PBXFileReference; lastKnownFileType = sourcecode.swift; path = AppDescriptionViewController.swift; sourceTree = "<group>"; };
		42B186D32421D020004BAB6E /* TrueFalseOption.swift */ = {isa = PBXFileReference; lastKnownFileType = sourcecode.swift; path = TrueFalseOption.swift; sourceTree = "<group>"; };
		42EC16CF24212CAE0099E985 /* InGameButton.swift */ = {isa = PBXFileReference; lastKnownFileType = sourcecode.swift; path = InGameButton.swift; sourceTree = "<group>"; };
		42EC16D62421C3780099E985 /* MakeQuizViewController.swift */ = {isa = PBXFileReference; lastKnownFileType = sourcecode.swift; path = MakeQuizViewController.swift; sourceTree = "<group>"; };
/* End PBXFileReference section */

/* Begin PBXFrameworksBuildPhase section */
		426088C62410D70000313139 /* Frameworks */ = {
			isa = PBXFrameworksBuildPhase;
			buildActionMask = 2147483647;
			files = (
			);
			runOnlyForDeploymentPostprocessing = 0;
		};
		426088DC2410D70100313139 /* Frameworks */ = {
			isa = PBXFrameworksBuildPhase;
			buildActionMask = 2147483647;
			files = (
			);
			runOnlyForDeploymentPostprocessing = 0;
		};
		426088E72410D70100313139 /* Frameworks */ = {
			isa = PBXFrameworksBuildPhase;
			buildActionMask = 2147483647;
			files = (
			);
			runOnlyForDeploymentPostprocessing = 0;
		};
/* End PBXFrameworksBuildPhase section */

/* Begin PBXGroup section */
		422B591E241F431800294F5C /* Font */ = {
			isa = PBXGroup;
			children = (
				422B591C241F430100294F5C /* SF-Pro-Rounded-Regular.otf */,
				422B591B241F430100294F5C /* SF-Pro-Rounded-Semibold.otf */,
				422B5919241F3EE100294F5C /* SF-Pro-Rounded-Bold.otf */,
			);
			path = Font;
			sourceTree = "<group>";
		};
		426088C02410D70000313139 = {
			isa = PBXGroup;
			children = (
				422B591E241F431800294F5C /* Font */,
				426088CB2410D70000313139 /* KnowMe */,
				426088E22410D70100313139 /* KnowMeTests */,
				426088ED2410D70100313139 /* KnowMeUITests */,
				426088CA2410D70000313139 /* Products */,
			);
			sourceTree = "<group>";
		};
		426088CA2410D70000313139 /* Products */ = {
			isa = PBXGroup;
			children = (
				426088C92410D70000313139 /* KnowMe.app */,
				426088DF2410D70100313139 /* KnowMeTests.xctest */,
				426088EA2410D70100313139 /* KnowMeUITests.xctest */,
			);
			name = Products;
			sourceTree = "<group>";
		};
		426088CB2410D70000313139 /* KnowMe */ = {
			isa = PBXGroup;
			children = (
				426088CC2410D70000313139 /* AppDelegate.swift */,
				426088CE2410D70000313139 /* SceneDelegate.swift */,
				426088D22410D70000313139 /* Main.storyboard */,
				426088D52410D70100313139 /* Assets.xcassets */,
				426088D72410D70100313139 /* LaunchScreen.storyboard */,
				426088DA2410D70100313139 /* Info.plist */,
				4285DF0A2418FD4000B68AAC /* Util */,
				429C4E87241FF651004C3458 /* Components */,
				429C4E86241FF631004C3458 /* ViewControllers */,
				429913D424249A46004EBA57 /* Model */,
			);
			path = KnowMe;
			sourceTree = "<group>";
		};
		426088E22410D70100313139 /* KnowMeTests */ = {
			isa = PBXGroup;
			children = (
				426088E32410D70100313139 /* KnowMeTests.swift */,
				426088E52410D70100313139 /* Info.plist */,
			);
			path = KnowMeTests;
			sourceTree = "<group>";
		};
		426088ED2410D70100313139 /* KnowMeUITests */ = {
			isa = PBXGroup;
			children = (
				426088EE2410D70100313139 /* KnowMeUITests.swift */,
				426088F02410D70100313139 /* Info.plist */,
			);
			path = KnowMeUITests;
			sourceTree = "<group>";
		};
		4285DF0A2418FD4000B68AAC /* Util */ = {
			isa = PBXGroup;
			children = (
				4261B5DC2422795A0078ED06 /* DataStore.swift */,
				422B5917241F39B000294F5C /* ColorPalette.swift */,
				4285DF082418FBE000B68AAC /* UtilColor.swift */,
			);
			path = Util;
			sourceTree = "<group>";
		};
		429913D424249A46004EBA57 /* Model */ = {
			isa = PBXGroup;
			children = (
				4261B5D4242215840078ED06 /* Question.swift */,
				4261B5D6242216B20078ED06 /* Quiz.swift */,
			);
			path = Model;
			sourceTree = "<group>";
		};
		429C4E86241FF631004C3458 /* ViewControllers */ = {
			isa = PBXGroup;
			children = (
				42EC16D62421C3780099E985 /* MakeQuizViewController.swift */,
				422B5913241F2E5D00294F5C /* HomeViewController.swift */,
				429C4E88241FF6CE004C3458 /* AppDescriptionViewController.swift */,
				4261B5DA24226C910078ED06 /* MakeQuizCodeViewController.swift */,
				4298583624233629008CB375 /* MakeQuizFinaleViewController.swift */,
				429913D02423712C004EBA57 /* PlayCodeViewController.swift */,
				429913D224249832004EBA57 /* GameViewController.swift */,
				426D31772424A35C00E5834A /* ResultPageViewController.swift */,
			);
			path = ViewControllers;
			sourceTree = "<group>";
		};
		429C4E87241FF651004C3458 /* Components */ = {
			isa = PBXGroup;
			children = (
				42B186D02421CCC4004BAB6E /* TrueFalseOption */,
				422B591F241F461500294F5C /* CustomView.swift */,
				422B590F241F082A00294F5C /* RoundedButton.swift */,
				4261B5CC2421FF010078ED06 /* OptionInput.swift */,
				422B5911241F109300294F5C /* DesignedButton.swift */,
				42EC16CF24212CAE0099E985 /* InGameButton.swift */,
				4261B5CE242205180078ED06 /* OptionModel.swift */,
				4261B5D0242207A90078ED06 /* RoundedView.swift */,
				4261B5D2242209510078ED06 /* TextViewRounded.swift */,
			);
			path = Components;
			sourceTree = "<group>";
		};
		42B186D02421CCC4004BAB6E /* TrueFalseOption */ = {
			isa = PBXGroup;
			children = (
				42B186D32421D020004BAB6E /* TrueFalseOption.swift */,
			);
			path = TrueFalseOption;
			sourceTree = "<group>";
		};
/* End PBXGroup section */

/* Begin PBXNativeTarget section */
		426088C82410D70000313139 /* KnowMe */ = {
			isa = PBXNativeTarget;
			buildConfigurationList = 426088F32410D70100313139 /* Build configuration list for PBXNativeTarget "KnowMe" */;
			buildPhases = (
				426088C52410D70000313139 /* Sources */,
				426088C62410D70000313139 /* Frameworks */,
				426088C72410D70000313139 /* Resources */,
			);
			buildRules = (
			);
			dependencies = (
			);
			name = KnowMe;
			productName = KnowMe;
			productReference = 426088C92410D70000313139 /* KnowMe.app */;
			productType = "com.apple.product-type.application";
		};
		426088DE2410D70100313139 /* KnowMeTests */ = {
			isa = PBXNativeTarget;
			buildConfigurationList = 426088F62410D70100313139 /* Build configuration list for PBXNativeTarget "KnowMeTests" */;
			buildPhases = (
				426088DB2410D70100313139 /* Sources */,
				426088DC2410D70100313139 /* Frameworks */,
				426088DD2410D70100313139 /* Resources */,
			);
			buildRules = (
			);
			dependencies = (
				426088E12410D70100313139 /* PBXTargetDependency */,
			);
			name = KnowMeTests;
			productName = KnowMeTests;
			productReference = 426088DF2410D70100313139 /* KnowMeTests.xctest */;
			productType = "com.apple.product-type.bundle.unit-test";
		};
		426088E92410D70100313139 /* KnowMeUITests */ = {
			isa = PBXNativeTarget;
			buildConfigurationList = 426088F92410D70100313139 /* Build configuration list for PBXNativeTarget "KnowMeUITests" */;
			buildPhases = (
				426088E62410D70100313139 /* Sources */,
				426088E72410D70100313139 /* Frameworks */,
				426088E82410D70100313139 /* Resources */,
			);
			buildRules = (
			);
			dependencies = (
				426088EC2410D70100313139 /* PBXTargetDependency */,
			);
			name = KnowMeUITests;
			productName = KnowMeUITests;
			productReference = 426088EA2410D70100313139 /* KnowMeUITests.xctest */;
			productType = "com.apple.product-type.bundle.ui-testing";
		};
/* End PBXNativeTarget section */

/* Begin PBXProject section */
		426088C12410D70000313139 /* Project object */ = {
			isa = PBXProject;
			attributes = {
				KnownAssetTags = (
					"SF-Pro-Rounded",
				);
				LastSwiftUpdateCheck = 1130;
				LastUpgradeCheck = 1130;
				ORGANIZATIONNAME = "Peter Andrew";
				TargetAttributes = {
					426088C82410D70000313139 = {
						CreatedOnToolsVersion = 11.3.1;
					};
					426088DE2410D70100313139 = {
						CreatedOnToolsVersion = 11.3.1;
						TestTargetID = 426088C82410D70000313139;
					};
					426088E92410D70100313139 = {
						CreatedOnToolsVersion = 11.3.1;
						TestTargetID = 426088C82410D70000313139;
					};
				};
			};
			buildConfigurationList = 426088C42410D70000313139 /* Build configuration list for PBXProject "KnowMe" */;
			compatibilityVersion = "Xcode 9.3";
			developmentRegion = en;
			hasScannedForEncodings = 0;
			knownRegions = (
				en,
				Base,
			);
			mainGroup = 426088C02410D70000313139;
			productRefGroup = 426088CA2410D70000313139 /* Products */;
			projectDirPath = "";
			projectRoot = "";
			targets = (
				426088C82410D70000313139 /* KnowMe */,
				426088DE2410D70100313139 /* KnowMeTests */,
				426088E92410D70100313139 /* KnowMeUITests */,
			);
		};
/* End PBXProject section */

/* Begin PBXResourcesBuildPhase section */
		426088C72410D70000313139 /* Resources */ = {
			isa = PBXResourcesBuildPhase;
			buildActionMask = 2147483647;
			files = (
				426088D92410D70100313139 /* LaunchScreen.storyboard in Resources */,
				422B591D241F430600294F5C /* SF-Pro-Rounded-Regular.otf in Resources */,
				422B591A241F3EE100294F5C /* SF-Pro-Rounded-Bold.otf in Resources */,
				426088D62410D70100313139 /* Assets.xcassets in Resources */,
				426088D42410D70000313139 /* Main.storyboard in Resources */,
			);
			runOnlyForDeploymentPostprocessing = 0;
		};
		426088DD2410D70100313139 /* Resources */ = {
			isa = PBXResourcesBuildPhase;
			buildActionMask = 2147483647;
			files = (
			);
			runOnlyForDeploymentPostprocessing = 0;
		};
		426088E82410D70100313139 /* Resources */ = {
			isa = PBXResourcesBuildPhase;
			buildActionMask = 2147483647;
			files = (
			);
			runOnlyForDeploymentPostprocessing = 0;
		};
/* End PBXResourcesBuildPhase section */

/* Begin PBXSourcesBuildPhase section */
		426088C52410D70000313139 /* Sources */ = {
			isa = PBXSourcesBuildPhase;
			buildActionMask = 2147483647;
			files = (
				42EC16D024212CAE0099E985 /* InGameButton.swift in Sources */,
				4261B5D3242209510078ED06 /* TextViewRounded.swift in Sources */,
				422B5918241F39B000294F5C /* ColorPalette.swift in Sources */,
				4261B5D5242215840078ED06 /* Question.swift in Sources */,
				4261B5CD2421FF010078ED06 /* OptionInput.swift in Sources */,
				422B5920241F461500294F5C /* CustomView.swift in Sources */,
				4298583724233629008CB375 /* MakeQuizFinaleViewController.swift in Sources */,
				4285DF092418FBE000B68AAC /* UtilColor.swift in Sources */,
				422B5910241F082A00294F5C /* RoundedButton.swift in Sources */,
				4261B5D7242216B20078ED06 /* Quiz.swift in Sources */,
				4261B5DB24226C910078ED06 /* MakeQuizCodeViewController.swift in Sources */,
				4261B5CF242205180078ED06 /* OptionModel.swift in Sources */,
				426088CD2410D70000313139 /* AppDelegate.swift in Sources */,
				4261B5D1242207A90078ED06 /* RoundedView.swift in Sources */,
				429913D324249832004EBA57 /* GameViewController.swift in Sources */,
				4261B5DD2422795A0078ED06 /* DataStore.swift in Sources */,
				429913D12423712C004EBA57 /* PlayCodeViewController.swift in Sources */,
				429C4E89241FF6CE004C3458 /* AppDescriptionViewController.swift in Sources */,
				426088CF2410D70000313139 /* SceneDelegate.swift in Sources */,
				42B186D42421D020004BAB6E /* TrueFalseOption.swift in Sources */,
				426D31782424A35C00E5834A /* ResultPageViewController.swift in Sources */,
				42EC16D72421C3780099E985 /* MakeQuizViewController.swift in Sources */,
				422B5914241F2E5D00294F5C /* HomeViewController.swift in Sources */,
				422B5912241F109300294F5C /* DesignedButton.swift in Sources */,
			);
			runOnlyForDeploymentPostprocessing = 0;
		};
		426088DB2410D70100313139 /* Sources */ = {
			isa = PBXSourcesBuildPhase;
			buildActionMask = 2147483647;
			files = (
				426088E42410D70100313139 /* KnowMeTests.swift in Sources */,
			);
			runOnlyForDeploymentPostprocessing = 0;
		};
		426088E62410D70100313139 /* Sources */ = {
			isa = PBXSourcesBuildPhase;
			buildActionMask = 2147483647;
			files = (
				426088EF2410D70100313139 /* KnowMeUITests.swift in Sources */,
			);
			runOnlyForDeploymentPostprocessing = 0;
		};
/* End PBXSourcesBuildPhase section */

/* Begin PBXTargetDependency section */
		426088E12410D70100313139 /* PBXTargetDependency */ = {
			isa = PBXTargetDependency;
			target = 426088C82410D70000313139 /* KnowMe */;
			targetProxy = 426088E02410D70100313139 /* PBXContainerItemProxy */;
		};
		426088EC2410D70100313139 /* PBXTargetDependency */ = {
			isa = PBXTargetDependency;
			target = 426088C82410D70000313139 /* KnowMe */;
			targetProxy = 426088EB2410D70100313139 /* PBXContainerItemProxy */;
		};
/* End PBXTargetDependency section */

/* Begin PBXVariantGroup section */
		426088D22410D70000313139 /* Main.storyboard */ = {
			isa = PBXVariantGroup;
			children = (
				426088D32410D70000313139 /* Base */,
			);
			name = Main.storyboard;
			sourceTree = "<group>";
		};
		426088D72410D70100313139 /* LaunchScreen.storyboard */ = {
			isa = PBXVariantGroup;
			children = (
				426088D82410D70100313139 /* Base */,
			);
			name = LaunchScreen.storyboard;
			sourceTree = "<group>";
		};
/* End PBXVariantGroup section */

/* Begin XCBuildConfiguration section */
		426088F12410D70100313139 /* Debug */ = {
			isa = XCBuildConfiguration;
			buildSettings = {
				ALWAYS_SEARCH_USER_PATHS = NO;
				CLANG_ANALYZER_NONNULL = YES;
				CLANG_ANALYZER_NUMBER_OBJECT_CONVERSION = YES_AGGRESSIVE;
				CLANG_CXX_LANGUAGE_STANDARD = "gnu++14";
				CLANG_CXX_LIBRARY = "libc++";
				CLANG_ENABLE_MODULES = YES;
				CLANG_ENABLE_OBJC_ARC = YES;
				CLANG_ENABLE_OBJC_WEAK = YES;
				CLANG_WARN_BLOCK_CAPTURE_AUTORELEASING = YES;
				CLANG_WARN_BOOL_CONVERSION = YES;
				CLANG_WARN_COMMA = YES;
				CLANG_WARN_CONSTANT_CONVERSION = YES;
				CLANG_WARN_DEPRECATED_OBJC_IMPLEMENTATIONS = YES;
				CLANG_WARN_DIRECT_OBJC_ISA_USAGE = YES_ERROR;
				CLANG_WARN_DOCUMENTATION_COMMENTS = YES;
				CLANG_WARN_EMPTY_BODY = YES;
				CLANG_WARN_ENUM_CONVERSION = YES;
				CLANG_WARN_INFINITE_RECURSION = YES;
				CLANG_WARN_INT_CONVERSION = YES;
				CLANG_WARN_NON_LITERAL_NULL_CONVERSION = YES;
				CLANG_WARN_OBJC_IMPLICIT_RETAIN_SELF = YES;
				CLANG_WARN_OBJC_LITERAL_CONVERSION = YES;
				CLANG_WARN_OBJC_ROOT_CLASS = YES_ERROR;
				CLANG_WARN_RANGE_LOOP_ANALYSIS = YES;
				CLANG_WARN_STRICT_PROTOTYPES = YES;
				CLANG_WARN_SUSPICIOUS_MOVE = YES;
				CLANG_WARN_UNGUARDED_AVAILABILITY = YES_AGGRESSIVE;
				CLANG_WARN_UNREACHABLE_CODE = YES;
				CLANG_WARN__DUPLICATE_METHOD_MATCH = YES;
				COPY_PHASE_STRIP = NO;
				DEBUG_INFORMATION_FORMAT = dwarf;
				ENABLE_STRICT_OBJC_MSGSEND = YES;
				ENABLE_TESTABILITY = YES;
				GCC_C_LANGUAGE_STANDARD = gnu11;
				GCC_DYNAMIC_NO_PIC = NO;
				GCC_NO_COMMON_BLOCKS = YES;
				GCC_OPTIMIZATION_LEVEL = 0;
				GCC_PREPROCESSOR_DEFINITIONS = (
					"DEBUG=1",
					"$(inherited)",
				);
				GCC_WARN_64_TO_32_BIT_CONVERSION = YES;
				GCC_WARN_ABOUT_RETURN_TYPE = YES_ERROR;
				GCC_WARN_UNDECLARED_SELECTOR = YES;
				GCC_WARN_UNINITIALIZED_AUTOS = YES_AGGRESSIVE;
				GCC_WARN_UNUSED_FUNCTION = YES;
				GCC_WARN_UNUSED_VARIABLE = YES;
				IPHONEOS_DEPLOYMENT_TARGET = 13.2;
				MTL_ENABLE_DEBUG_INFO = INCLUDE_SOURCE;
				MTL_FAST_MATH = YES;
				ONLY_ACTIVE_ARCH = YES;
				SDKROOT = iphoneos;
				SWIFT_ACTIVE_COMPILATION_CONDITIONS = DEBUG;
				SWIFT_OPTIMIZATION_LEVEL = "-Onone";
			};
			name = Debug;
		};
		426088F22410D70100313139 /* Release */ = {
			isa = XCBuildConfiguration;
			buildSettings = {
				ALWAYS_SEARCH_USER_PATHS = NO;
				CLANG_ANALYZER_NONNULL = YES;
				CLANG_ANALYZER_NUMBER_OBJECT_CONVERSION = YES_AGGRESSIVE;
				CLANG_CXX_LANGUAGE_STANDARD = "gnu++14";
				CLANG_CXX_LIBRARY = "libc++";
				CLANG_ENABLE_MODULES = YES;
				CLANG_ENABLE_OBJC_ARC = YES;
				CLANG_ENABLE_OBJC_WEAK = YES;
				CLANG_WARN_BLOCK_CAPTURE_AUTORELEASING = YES;
				CLANG_WARN_BOOL_CONVERSION = YES;
				CLANG_WARN_COMMA = YES;
				CLANG_WARN_CONSTANT_CONVERSION = YES;
				CLANG_WARN_DEPRECATED_OBJC_IMPLEMENTATIONS = YES;
				CLANG_WARN_DIRECT_OBJC_ISA_USAGE = YES_ERROR;
				CLANG_WARN_DOCUMENTATION_COMMENTS = YES;
				CLANG_WARN_EMPTY_BODY = YES;
				CLANG_WARN_ENUM_CONVERSION = YES;
				CLANG_WARN_INFINITE_RECURSION = YES;
				CLANG_WARN_INT_CONVERSION = YES;
				CLANG_WARN_NON_LITERAL_NULL_CONVERSION = YES;
				CLANG_WARN_OBJC_IMPLICIT_RETAIN_SELF = YES;
				CLANG_WARN_OBJC_LITERAL_CONVERSION = YES;
				CLANG_WARN_OBJC_ROOT_CLASS = YES_ERROR;
				CLANG_WARN_RANGE_LOOP_ANALYSIS = YES;
				CLANG_WARN_STRICT_PROTOTYPES = YES;
				CLANG_WARN_SUSPICIOUS_MOVE = YES;
				CLANG_WARN_UNGUARDED_AVAILABILITY = YES_AGGRESSIVE;
				CLANG_WARN_UNREACHABLE_CODE = YES;
				CLANG_WARN__DUPLICATE_METHOD_MATCH = YES;
				COPY_PHASE_STRIP = NO;
				DEBUG_INFORMATION_FORMAT = "dwarf-with-dsym";
				ENABLE_NS_ASSERTIONS = NO;
				ENABLE_STRICT_OBJC_MSGSEND = YES;
				GCC_C_LANGUAGE_STANDARD = gnu11;
				GCC_NO_COMMON_BLOCKS = YES;
				GCC_WARN_64_TO_32_BIT_CONVERSION = YES;
				GCC_WARN_ABOUT_RETURN_TYPE = YES_ERROR;
				GCC_WARN_UNDECLARED_SELECTOR = YES;
				GCC_WARN_UNINITIALIZED_AUTOS = YES_AGGRESSIVE;
				GCC_WARN_UNUSED_FUNCTION = YES;
				GCC_WARN_UNUSED_VARIABLE = YES;
				IPHONEOS_DEPLOYMENT_TARGET = 13.2;
				MTL_ENABLE_DEBUG_INFO = NO;
				MTL_FAST_MATH = YES;
				SDKROOT = iphoneos;
				SWIFT_COMPILATION_MODE = wholemodule;
				SWIFT_OPTIMIZATION_LEVEL = "-O";
				VALIDATE_PRODUCT = YES;
			};
			name = Release;
		};
		426088F42410D70100313139 /* Debug */ = {
			isa = XCBuildConfiguration;
			buildSettings = {
				ASSETCATALOG_COMPILER_APPICON_NAME = AppIcon;
				CODE_SIGN_STYLE = Automatic;
				DEVELOPMENT_TEAM = 87WHDY7XDH;
				INFOPLIST_FILE = KnowMe/Info.plist;
				LD_RUNPATH_SEARCH_PATHS = (
					"$(inherited)",
					"@executable_path/Frameworks",
				);
				PRODUCT_BUNDLE_IDENTIFIER = com.peter.KnowMe;
				PRODUCT_NAME = "$(TARGET_NAME)";
				SWIFT_VERSION = 5.0;
				TARGETED_DEVICE_FAMILY = "1,2";
			};
			name = Debug;
		};
		426088F52410D70100313139 /* Release */ = {
			isa = XCBuildConfiguration;
			buildSettings = {
				ASSETCATALOG_COMPILER_APPICON_NAME = AppIcon;
				CODE_SIGN_STYLE = Automatic;
				DEVELOPMENT_TEAM = 87WHDY7XDH;
				INFOPLIST_FILE = KnowMe/Info.plist;
				LD_RUNPATH_SEARCH_PATHS = (
					"$(inherited)",
					"@executable_path/Frameworks",
				);
				PRODUCT_BUNDLE_IDENTIFIER = com.peter.KnowMe;
				PRODUCT_NAME = "$(TARGET_NAME)";
				SWIFT_VERSION = 5.0;
				TARGETED_DEVICE_FAMILY = "1,2";
			};
			name = Release;
		};
		426088F72410D70100313139 /* Debug */ = {
			isa = XCBuildConfiguration;
			buildSettings = {
				ALWAYS_EMBED_SWIFT_STANDARD_LIBRARIES = YES;
				BUNDLE_LOADER = "$(TEST_HOST)";
				CODE_SIGN_STYLE = Automatic;
				INFOPLIST_FILE = KnowMeTests/Info.plist;
				IPHONEOS_DEPLOYMENT_TARGET = 13.2;
				LD_RUNPATH_SEARCH_PATHS = (
					"$(inherited)",
					"@executable_path/Frameworks",
					"@loader_path/Frameworks",
				);
				PRODUCT_BUNDLE_IDENTIFIER = com.peter.KnowMeTests;
				PRODUCT_NAME = "$(TARGET_NAME)";
				SWIFT_VERSION = 5.0;
				TARGETED_DEVICE_FAMILY = "1,2";
				TEST_HOST = "$(BUILT_PRODUCTS_DIR)/KnowMe.app/KnowMe";
			};
			name = Debug;
		};
		426088F82410D70100313139 /* Release */ = {
			isa = XCBuildConfiguration;
			buildSettings = {
				ALWAYS_EMBED_SWIFT_STANDARD_LIBRARIES = YES;
				BUNDLE_LOADER = "$(TEST_HOST)";
				CODE_SIGN_STYLE = Automatic;
				INFOPLIST_FILE = KnowMeTests/Info.plist;
				IPHONEOS_DEPLOYMENT_TARGET = 13.2;
				LD_RUNPATH_SEARCH_PATHS = (
					"$(inherited)",
					"@executable_path/Frameworks",
					"@loader_path/Frameworks",
				);
				PRODUCT_BUNDLE_IDENTIFIER = com.peter.KnowMeTests;
				PRODUCT_NAME = "$(TARGET_NAME)";
				SWIFT_VERSION = 5.0;
				TARGETED_DEVICE_FAMILY = "1,2";
				TEST_HOST = "$(BUILT_PRODUCTS_DIR)/KnowMe.app/KnowMe";
			};
			name = Release;
		};
		426088FA2410D70100313139 /* Debug */ = {
			isa = XCBuildConfiguration;
			buildSettings = {
				ALWAYS_EMBED_SWIFT_STANDARD_LIBRARIES = YES;
				CODE_SIGN_STYLE = Automatic;
				INFOPLIST_FILE = KnowMeUITests/Info.plist;
				LD_RUNPATH_SEARCH_PATHS = (
					"$(inherited)",
					"@executable_path/Frameworks",
					"@loader_path/Frameworks",
				);
				PRODUCT_BUNDLE_IDENTIFIER = com.peter.KnowMeUITests;
				PRODUCT_NAME = "$(TARGET_NAME)";
				SWIFT_VERSION = 5.0;
				TARGETED_DEVICE_FAMILY = "1,2";
				TEST_TARGET_NAME = KnowMe;
			};
			name = Debug;
		};
		426088FB2410D70100313139 /* Release */ = {
			isa = XCBuildConfiguration;
			buildSettings = {
				ALWAYS_EMBED_SWIFT_STANDARD_LIBRARIES = YES;
				CODE_SIGN_STYLE = Automatic;
				INFOPLIST_FILE = KnowMeUITests/Info.plist;
				LD_RUNPATH_SEARCH_PATHS = (
					"$(inherited)",
					"@executable_path/Frameworks",
					"@loader_path/Frameworks",
				);
				PRODUCT_BUNDLE_IDENTIFIER = com.peter.KnowMeUITests;
				PRODUCT_NAME = "$(TARGET_NAME)";
				SWIFT_VERSION = 5.0;
				TARGETED_DEVICE_FAMILY = "1,2";
				TEST_TARGET_NAME = KnowMe;
			};
			name = Release;
		};
/* End XCBuildConfiguration section */

/* Begin XCConfigurationList section */
		426088C42410D70000313139 /* Build configuration list for PBXProject "KnowMe" */ = {
			isa = XCConfigurationList;
			buildConfigurations = (
				426088F12410D70100313139 /* Debug */,
				426088F22410D70100313139 /* Release */,
			);
			defaultConfigurationIsVisible = 0;
			defaultConfigurationName = Release;
		};
		426088F32410D70100313139 /* Build configuration list for PBXNativeTarget "KnowMe" */ = {
			isa = XCConfigurationList;
			buildConfigurations = (
				426088F42410D70100313139 /* Debug */,
				426088F52410D70100313139 /* Release */,
			);
			defaultConfigurationIsVisible = 0;
			defaultConfigurationName = Release;
		};
		426088F62410D70100313139 /* Build configuration list for PBXNativeTarget "KnowMeTests" */ = {
			isa = XCConfigurationList;
			buildConfigurations = (
				426088F72410D70100313139 /* Debug */,
				426088F82410D70100313139 /* Release */,
			);
			defaultConfigurationIsVisible = 0;
			defaultConfigurationName = Release;
		};
		426088F92410D70100313139 /* Build configuration list for PBXNativeTarget "KnowMeUITests" */ = {
			isa = XCConfigurationList;
			buildConfigurations = (
				426088FA2410D70100313139 /* Debug */,
				426088FB2410D70100313139 /* Release */,
			);
			defaultConfigurationIsVisible = 0;
			defaultConfigurationName = Release;
		};
/* End XCConfigurationList section */
	};
	rootObject = 426088C12410D70000313139 /* Project object */;
}
